{
  "name": "dekhocampus-node-backend",
  "lockfileVersion": 3,
  "requires": true,
  "packages": {
    "": {
      "name": "dekhocampus-node-backend",
      "dependencies": {
        "@prisma/client": "6.12.0",
        "mysql2": "^3.23.4"
      },
      "devDependencies": {
        "prisma": "6.12.0"
      },
      "engines": {
        "node": ">=22"
      }
    },
    "node_modules/@prisma/client": {
      "version": "6.12.0",
      "resolved": "https://registry.npmjs.org/@prisma/client/-/client-6.12.0.tgz",
      "integrity": "sha512-wn98bJ3Cj6edlF4jjpgXwbnQIo/fQLqqQHPk2POrZPxTlhY3+n90SSIF3LMRVa8VzRFC/Gec3YKJRxRu+AIGVA==",
      "hasInstallScript": true,
      "license": "Apache-2.0",
      "engines": {
        "node": ">=18.18"
      },
      "peerDependencies": {
        "prisma": "*",
        "typescript": ">=5.1.0"
      },
      "peerDependenciesMeta": {
        "prisma": {
          "optional": true
        },
        "typescript": {
          "optional": true
        }
      }
    },
    "node_modules/@prisma/config": {
      "version": "6.12.0",
      "resolved": "https://registry.npmjs.org/@prisma/config/-/config-6.12.0.tgz",
      "integrity": "sha512-HovZWzhWEMedHxmjefQBRZa40P81N7/+74khKFz9e1AFjakcIQdXgMWKgt20HaACzY+d1LRBC+L4tiz71t9fkg==",
      "devOptional": true,
      "license": "Apache-2.0",
      "dependencies": {
        "jiti": "2.4.2"
      }
    },
    "node_modules/@prisma/debug": {
      "version": "6.12.0",
      "resolved": "https://registry.npmjs.org/@prisma/debug/-/debug-6.12.0.tgz",
      "integrity": "sha512-plbz6z72orcqr0eeio7zgUrZj5EudZUpAeWkFTA/DDdXEj28YHDXuiakvR6S7sD6tZi+jiwQEJAPeV6J6m/tEQ==",
      "devOptional": true,
      "license": "Apache-2.0"
    },
    "node_modules/@prisma/engines": {
      "version": "6.12.0",
      "resolved": "https://registry.npmjs.org/@prisma/engines/-/engines-6.12.0.tgz",
      "integrity": "sha512-4BRZZUaAuB4p0XhTauxelvFs7IllhPmNLvmla0bO1nkECs8n/o1pUvAVbQ/VOrZR5DnF4HED0PrGai+rIOVePA==",
      "devOptional": true,
      "hasInstallScript": true,
      "license": "Apache-2.0",
      "dependencies": {
        "@prisma/debug": "6.12.0",
        "@prisma/engines-version": "6.12.0-15.8047c96bbd92db98a2abc7c9323ce77c02c89dbc",
        "@prisma/fetch-engine": "6.12.0",
        "@prisma/get-platform": "6.12.0"
      }
    },
    "node_modules/@prisma/engines-version": {
      "version": "6.12.0-15.8047c96bbd92db98a2abc7c9323ce77c02c89dbc",
      "resolved": "https://registry.npmjs.org/@prisma/engines-version/-/engines-version-6.12.0-15.8047c96bbd92db98a2abc7c9323ce77c02c89dbc.tgz",
      "integrity": "sha512-70vhecxBJlRr06VfahDzk9ow4k1HIaSfVUT3X0/kZoHCMl9zbabut4gEXAyzJZxaCGi5igAA7SyyfBI//mmkbQ==",
      "devOptional": true,
      "license": "Apache-2.0"
    },
    "node_modules/@prisma/fetch-engine": {
      "version": "6.12.0",
      "resolved": "https://registry.npmjs.org/@prisma/fetch-engine/-/fetch-engine-6.12.0.tgz",
      "integrity": "sha512-EamoiwrK46rpWaEbLX9aqKDPOd8IyLnZAkiYXFNuq0YsU0Z8K09/rH8S7feOWAVJ3xzeSgcEJtBlVDrajM9Sag==",
      "devOptional": true,
      "license": "Apache-2.0",
      "dependencies": {
        "@prisma/debug": "6.12.0",
        "@prisma/engines-version": "6.12.0-15.8047c96bbd92db98a2abc7c9323ce77c02c89dbc",
        "@prisma/get-platform": "6.12.0"
      }
    },
    "node_modules/@prisma/get-platform": {
      "version": "6.12.0",
      "resolved": "https://registry.npmjs.org/@prisma/get-platform/-/get-platform-6.12.0.tgz",
      "integrity": "sha512-nRerTGhTlgyvcBlyWgt8OLNIV7QgJS2XYXMJD1hysorMCuLAjuDDuoxmVt7C2nLxbuxbWPp7OuFRHC23HqD9dA==",
      "devOptional": true,
      "license": "Apache-2.0",
      "dependencies": {
        "@prisma/debug": "6.12.0"
      }
    },
    "node_modules/@types/node": {
      "version": "26.2.0",
      "resolved": "https://registry.npmjs.org/@types/node/-/node-26.2.0.tgz",
      "integrity": "sha512-5IviulTZeRNp2vAJ514cc/HUlY5nZ9fCbq9DMyC52BrhFZACo3nI0R7qBxhQmo/d27NFe96ur/b7Wwxklda+kg==",
      "license": "MIT",
      "peer": true,
      "dependencies": {
        "undici-types": "~8.3.0"
      }
    },
    "node_modules/aws-ssl-profiles": {
      "version": "1.1.2",
      "resolved": "https://registry.npmjs.org/aws-ssl-profiles/-/aws-ssl-profiles-1.1.2.tgz",
      "integrity": "sha512-NZKeq9AfyQvEeNlN0zSYAaWrmBffJh3IELMZfRpJVWgrpEbtEpnjvzqBPf+mxoI287JohRDoa+/nsfqqiZmF6g==",
      "license": "MIT",
      "engines": {
        "node": ">= 6.0.0"
      }
    },
    "node_modules/generate-function": {
      "version": "2.3.1",
      "resolved": "https://registry.npmjs.org/generate-function/-/generate-function-2.3.1.tgz",
      "integrity": "sha512-eeB5GfMNeevm/GRYq20ShmsaGcmI81kIX2K9XQx5miC8KdHaC6Jm0qQ8ZNeGOi7wYB8OsdxKs+Y2oVuTFuVwKQ==",
      "license": "MIT",
      "dependencies": {
        "is-property": "^1.0.2"
      }
    },
    "node_modules/iconv-lite": {
      "version": "0.7.3",
      "resolved": "https://registry.npmjs.org/iconv-lite/-/iconv-lite-0.7.3.tgz",
      "integrity": "sha512-IKXpvIzjnC9XTAUbVBcMfGS0EPaIXtW6v+zr+RRp+hqULEpo0owZax6wyRwPOJbWbzjYspQwusTsfVr0ifh4uQ==",
      "license": "MIT",
      "dependencies": {
        "safer-buffer": ">= 2.1.2 < 3.0.0"
      },
      "engines": {
        "node": ">=0.10.0"
      },
      "funding": {
        "type": "opencollective",
        "url": "https://opencollective.com/express"
      }
    },
    "node_modules/is-property": {
      "version": "1.0.2",
      "resolved": "https://registry.npmjs.org/is-property/-/is-property-1.0.2.tgz",
      "integrity": "sha512-Ks/IoX00TtClbGQr4TWXemAnktAQvYB7HzcCxDGqEZU6oCmb2INHuOoKxbtR+HFkmYWBKv/dOZtGRiAjDhj92g==",
      "license": "MIT"
    },
    "node_modules/jiti": {
      "version": "2.4.2",
      "resolved": "https://registry.npmjs.org/jiti/-/jiti-2.4.2.tgz",
      "integrity": "sha512-rg9zJN+G4n2nfJl5MW3BMygZX56zKPNVEYYqq7adpmMh4Jn2QNEwhvQlFy6jPVdcod7txZtKHWnyZiA3a0zP7A==",
      "devOptional": true,
      "license": "MIT",
      "bin": {
        "jiti": "lib/jiti-cli.mjs"
      }
    },
    "node_modules/long": {
      "version": "5.3.2",
      "resolved": "https://registry.npmjs.org/long/-/long-5.3.2.tgz",
      "integrity": "sha512-mNAgZ1GmyNhD7AuqnTG3/VQ26o760+ZYBPKjPvugO8+nLbYfX6TVpJPseBvopbdY+qpZ/lKUnmEc1LeZYS3QAA==",
      "license": "Apache-2.0"
    },
    "node_modules/lru.min": {
      "version": "1.1.4",
      "resolved": "https://registry.npmjs.org/lru.min/-/lru.min-1.1.4.tgz",
      "integrity": "sha512-DqC6n3QQ77zdFpCMASA1a3Jlb64Hv2N2DciFGkO/4L9+q/IpIAuRlKOvCXabtRW6cQf8usbmM6BE/TOPysCdIA==",
      "license": "MIT",
      "engines": {
        "bun": ">=1.0.0",
        "deno": ">=1.30.0",
        "node": ">=8.0.0"
      },
      "funding": {
        "type": "github",
        "url": "https://github.com/sponsors/wellwelwel"
      }
    },
    "node_modules/mysql2": {
      "version": "3.23.4",
      "resolved": "https://registry.npmjs.org/mysql2/-/mysql2-3.23.4.tgz",
      "integrity": "sha512-J1Rgl8Oy5iw3mOBjKeTMQ3cJNjMYtJYavQVXShsMtSj9rKV8Q1+QaGKNJqDVQFcNINqYYp6Vxd90r69cCoBxBA==",
      "license": "MIT",
      "dependencies": {
        "aws-ssl-profiles": "^1.1.2",
        "generate-function": "^2.3.1",
        "iconv-lite": "^0.7.3",
        "long": "^5.3.2",
        "lru.min": "^1.1.4",
        "named-placeholders": "^1.1.6",
        "sql-escaper": "^1.5.1"
      },
      "engines": {
        "node": ">= 8.0"
      },
      "peerDependencies": {
        "@types/node": ">= 8"
      }
    },
    "node_modules/named-placeholders": {
      "version": "1.1.6",
      "resolved": "https://registry.npmjs.org/named-placeholders/-/named-placeholders-1.1.6.tgz",
      "integrity": "sha512-Tz09sEL2EEuv5fFowm419c1+a/jSMiBjI9gHxVLrVdbUkkNUUfjsVYs9pVZu5oCon/kmRh9TfLEObFtkVxmY0w==",
      "license": "MIT",
      "dependencies": {
        "lru.min": "^1.1.0"
      },
      "engines": {
        "node": ">=8.0.0"
      }
    },
    "node_modules/prisma": {
      "version": "6.12.0",
      "resolved": "https://registry.npmjs.org/prisma/-/prisma-6.12.0.tgz",
      "integrity": "sha512-pmV7NEqQej9WjizN6RSNIwf7Y+jeh9mY1JEX2WjGxJi4YZWexClhde1yz/FuvAM+cTwzchcMytu2m4I6wPkIzg==",
      "devOptional": true,
      "hasInstallScript": true,
      "license": "Apache-2.0",
      "dependencies": {
        "@prisma/config": "6.12.0",
        "@prisma/engines": "6.12.0"
      },
      "bin": {
        "prisma": "build/index.js"
      },
      "engines": {
        "node": ">=18.18"
      },
      "peerDependencies": {
        "typescript": ">=5.1.0"
      },
      "peerDependenciesMeta": {
        "typescript": {
          "optional": true
        }
      }
    },
    "node_modules/safer-buffer": {
      "version": "2.1.2",
      "resolved": "https://registry.npmjs.org/safer-buffer/-/safer-buffer-2.1.2.tgz",
      "integrity": "sha512-YZo3K82SD7Riyi0E1EQPojLz7kpepnSQI9IyPbHHg1XXXevb5dJI7tpyN2ADxGcQbHG7vcyRHk0cbwqcQriUtg==",
      "license": "MIT"
    },
    "node_modules/sql-escaper": {
      "version": "1.5.1",
      "resolved": "https://registry.npmjs.org/sql-escaper/-/sql-escaper-1.5.1.tgz",
      "integrity": "sha512-4toX5E1fQbBrpfXidaHnF0669nkAdETeIPTs2SUjxxD7RRIs9ICG4gtpmfc68JCEKehsdwLFqBu9VlQqZ1P1gg==",
      "license": "MIT",
      "engines": {
        "bun": ">=1.0.0",
        "deno": ">=2.0.0",
        "node": ">=12.0.0"
      },
      "funding": {
        "type": "github",
        "url": "https://github.com/mysqljs/sql-escaper?sponsor=1"
      }
    },
    "node_modules/undici-types": {
      "version": "8.3.0",
      "resolved": "https://registry.npmjs.org/undici-types/-/undici-types-8.3.0.tgz",
      "integrity": "sha512-j375ScV60dom+YkPFIfTLcOiPxkN/buHz5GobjLhixFuANaNs3C9l4GmrWqejgXWJ7BbJcFYpTEUkS1Ge8bpZQ==",
      "license": "MIT",
      "peer": true
    }
  }
}
